{
  "version": 4,
  "terraform_version": "1.1.6",
  "serial": 12,
  "lineage": "dd568696-ec88-07c9-c281-4473bdc351d9",
  "outputs": {},
  "resources": [
    {
      "module": "module.dns_records",
      "mode": "managed",
      "type": "dyn_record",
      "name": "this",
      "provider": "provider[\"terraform.local/local/dyn\"]",
      "instances": [
        {
          "index_key": "p1 NS ns-1083.awsdns-07.org.",
          "schema_version": 0,
          "attributes": {
            "fqdn": "p1.bngoytest.com",
            "id": "697236837",
            "name": "p1",
            "ttl": "900",
            "type": "NS",
            "value": "ns-1083.awsdns-07.org.",
            "zone": "bngoytest.com"
          },
          "sensitive_attributes": [],
          "private": "bnVsbA=="
        },
        {
          "index_key": "p1 NS ns-2016.awsdns-60.co.uk.",
          "schema_version": 0,
          "attributes": {
            "fqdn": "p1.bngoytest.com",
            "id": "697236841",
            "name": "p1",
            "ttl": "900",
            "type": "NS",
            "value": "ns-2016.awsdns-60.co.uk.",
            "zone": "bngoytest.com"
          },
          "sensitive_attributes": [],
          "private": "bnVsbA=="
        },
        {
          "index_key": "p1 NS ns-268.awsdns-33.com.",
          "schema_version": 0,
          "attributes": {
            "fqdn": "p1.bngoytest.com",
            "id": "697236827",
            "name": "p1",
            "ttl": "900",
            "type": "NS",
            "value": "ns-268.awsdns-33.com.",
            "zone": "bngoytest.com"
          },
          "sensitive_attributes": [],
          "private": "bnVsbA=="
        },
        {
          "index_key": "p1 NS ns-710.awsdns-24.net.",
          "schema_version": 0,
          "attributes": {
            "fqdn": "p1.bngoytest.com",
            "id": "697236833",
            "name": "p1",
            "ttl": "900",
            "type": "NS",
            "value": "ns-710.awsdns-24.net.",
            "zone": "bngoytest.com"
          },
          "sensitive_attributes": [],
          "private": "bnVsbA=="
        }
      ]
    }
  ]
}
